{
  "name": "bihua-trainer",
  "version": "1.0.0",
  "lockfileVersion": 3,
  "requires": true,
  "packages": {
    "": {
      "name": "bihua-trainer",
      "version": "1.0.0",
      "license": "ISC",
      "devDependencies": {
        "cnchar": "^3.2.6",
        "cnchar-order": "^3.2.6",
        "hanzi-writer-data": "^2.0.1"
      }
    },
    "node_modules/cnchar": {
      "version": "3.2.6",
      "resolved": "https://registry.npmjs.org/cnchar/-/cnchar-3.2.6.tgz",
      "integrity": "sha512-7Up5ALAkoOTAHlRMN0B7VgrrRsp6+trgFV0M7xSsZ0TwnnBfW68gXClcE9Oz8sTOEu+zqGOZjBhlHNzPIBckDA==",
      "dev": true,
      "license": "MIT",
      "dependencies": {
        "cnchar-types": "^3.2.6"
      }
    },
    "node_modules/cnchar-order": {
      "version": "3.2.6",
      "resolved": "https://registry.npmjs.org/cnchar-order/-/cnchar-order-3.2.6.tgz",
      "integrity": "sha512-xeW1MnQk9GLW9rOvgTtBLl9amyJ0MBKAuXGgbiAwC/n1MRLoxW4ZnjPL+isVsi0rV3QXlbiDQQKAnL6TsJNLhA==",
      "dev": true,
      "license": "MIT",
      "dependencies": {
        "cnchar-types": "^3.2.6"
      }
    },
    "node_modules/cnchar-types": {
      "version": "3.2.6",
      "resolved": "https://registry.npmjs.org/cnchar-types/-/cnchar-types-3.2.6.tgz",
      "integrity": "sha512-LGU2ss7KcsI1Psme73+jffUX0ZDuChr6P9Rj2j8lynJHStklNpoC/+kheKSSUcXQ1u2KNvZt1Shs/5efcihHkg==",
      "dev": true,
      "license": "MIT"
    },
    "node_modules/hanzi-writer-data": {
      "version": "2.0.1",
      "resolved": "https://registry.npmjs.org/hanzi-writer-data/-/hanzi-writer-data-2.0.1.tgz",
      "integrity": "sha512-nbQwM+MaryGoq7pBMIZLCd3lFq03nXuJuwku1+6UbjL58uU+9OULVcMkoNvNuJSoIV7f1bbPRfD4D/LQa5S7qg==",
      "dev": true,
      "license": "SEE LICENSE IN ARPHICPL.TXT"
    }
  }
}
